# THIS IS AN AUTOGENERATED FILE. DO NOT EDIT THIS FILE DIRECTLY.
# yarn lockfile v1


"@photostructure/tz-lookup@^7.0.0":
  version "7.0.0"
  resolved "https://registry.yarnpkg.com/@photostructure/tz-lookup/-/tz-lookup-7.0.0.tgz#b079412e7fea59033e441c08fcdb37d7c3c05901"
  integrity sha512-pTRsZz7Sn4yAtItC7I4+0segDHosMyOtJgAXg+xvDOolT0Xz4IFWqBV33OMCWoaNd3oQb60wbWhLeCQgJCyZAA==

"@types/luxon@^3.1.0":
  version "3.1.0"
  resolved "https://registry.yarnpkg.com/@types/luxon/-/luxon-3.1.0.tgz#b9842d233a06b267fe4117f1c224f20b8a149825"
  integrity sha512-gCd/HcCgjqSxfMrgtqxCgYk/22NBQfypwFUG7ZAyG/4pqs51WLTcUzVp1hqTbieDYeHS3WoVEh2Yv/2l+7B0Vg==

batch-cluster@^11.0.0:
  version "11.0.0"
  resolved "https://registry.yarnpkg.com/batch-cluster/-/batch-cluster-11.0.0.tgz#739fd88ec99befc45a21458a16a8e00c27e4dbb5"
  integrity sha512-8iwqa+rKTaakOHkqdcXDT5L5117pa+FoP8/yAKpNdL44ZnC4V2NEA/sIg0ZO0O9NkpdjLk0A3efRFM5nVizqHw==

exiftool-vendored.exe@12.50.0:
  version "12.50.0"
  resolved "https://registry.yarnpkg.com/exiftool-vendored.exe/-/exiftool-vendored.exe-12.50.0.tgz#d6dd5e7238067d76775bf47b3b75379624ca1ffb"
  integrity sha512-V14ucZUVw1az/FVi6jO2KcKKLWRQKByC1K7xOYdpQJEP9hEIr+tHJdVCwldpd9NBysacAlBTHpHRaTYUXyIMJw==

exiftool-vendored.pl@12.50.0:
  version "12.50.0"
  resolved "https://registry.yarnpkg.com/exiftool-vendored.pl/-/exiftool-vendored.pl-12.50.0.tgz#6633516e48df21b6ed4edc3e51f97b5a0961ea08"
  integrity sha512-QwIPI1+RLM8cJyKgolvz7d9mrdPxB9b6VxIngheUn+92QUT0ZVQZJ/g57zX6Uh5qQaCISsyQU1uARcRAHhFlGg==

exiftool-vendored@^18.6.0:
  version "18.6.0"
  resolved "https://registry.yarnpkg.com/exiftool-vendored/-/exiftool-vendored-18.6.0.tgz#eed3b86f09df94a5c5c36e44ec02d46e5c10ed95"
  integrity sha512-5mDYKq7VMPuyFilXicSLZph1One/ynKUA+KJxt9seKDXzsx+kcfWGz7BzaCApJTdenV1hb8vEZY6dQ/YetOvHg==
  dependencies:
    "@photostructure/tz-lookup" "^7.0.0"
    "@types/luxon" "^3.1.0"
    batch-cluster "^11.0.0"
    he "^1.2.0"
    luxon "^3.1.0"
  optionalDependencies:
    exiftool-vendored.exe "12.50.0"
    exiftool-vendored.pl "12.50.0"

he@^1.2.0:
  version "1.2.0"
  resolved "https://registry.yarnpkg.com/he/-/he-1.2.0.tgz#84ae65fa7eafb165fddb61566ae14baf05664f0f"
  integrity sha512-F/1DnUGPopORZi0ni+CvrCgHQ5FyEAHRLSApuYWMmrbSwoN2Mn/7k+Gl38gJnR7yyDZk6WLXwiGod1JOWNDKGw==

heic-convert@^1.2.4:
  version "1.2.4"
  resolved "https://registry.yarnpkg.com/heic-convert/-/heic-convert-1.2.4.tgz#605820f98ace3949a40fc7b263ee0bc573a0176b"
  integrity sha512-klJHyv+BqbgKiCQvCqI9IKIvweCcohDuDl0Jphearj8+16+v8eff2piVevHqq4dW9TK0r1onTR6PKHP1I4hdbA==
  dependencies:
    heic-decode "^1.1.2"
    jpeg-js "^0.4.1"
    pngjs "^3.4.0"

heic-decode@^1.1.2:
  version "1.1.2"
  resolved "https://registry.yarnpkg.com/heic-decode/-/heic-decode-1.1.2.tgz#974701666432e31ed64b2263a1ece7cff5218209"
  integrity sha512-UF8teegxvzQPdSTcx5frIUhitNDliz/9Pui0JFdIqVRE00spVE33DcCYtZqaLNyd4y5RP/QQWZFIc1YWVKKm2A==
  dependencies:
    libheif-js "^1.10.0"

jpeg-js@^0.4.1:
  version "0.4.4"
  resolved "https://registry.yarnpkg.com/jpeg-js/-/jpeg-js-0.4.4.tgz#a9f1c6f1f9f0fa80cdb3484ed9635054d28936aa"
  integrity sha512-WZzeDOEtTOBK4Mdsar0IqEU5sMr3vSV2RqkAIzUEV2BHnUfKGyswWFPFwK5EeDo93K3FohSHbLAjj0s1Wzd+dg==

libheif-js@^1.10.0:
  version "1.13.0"
  resolved "https://registry.yarnpkg.com/libheif-js/-/libheif-js-1.13.0.tgz#2772597c4e58c1697cf4846af68f71f481d2783a"
  integrity sha512-tWxQnffl8IiahT5Erf+9gqdZA2e0xcPvKW87Z0N8AZjodXj5O8deGbZDVrXF4T68cl7+Ciiukq64ZqGDNAadIA==

luxon@^3.1.0:
  version "3.1.0"
  resolved "https://registry.yarnpkg.com/luxon/-/luxon-3.1.0.tgz#9ac33d7142b7ea18d4ec8583cdeb0b079abef60d"
  integrity sha512-7w6hmKC0/aoWnEsmPCu5Br54BmbmUp5GfcqBxQngRcXJ+q5fdfjEzn7dxmJh2YdDhgW8PccYtlWKSv4tQkrTQg==

pngjs@^3.4.0:
  version "3.4.0"
  resolved "https://registry.yarnpkg.com/pngjs/-/pngjs-3.4.0.tgz#99ca7d725965fb655814eaf65f38f12bbdbf555f"
  integrity sha512-NCrCHhWmnQklfH4MtJMRjZ2a8c80qXeMlQMv2uVp9ISJMTt562SbGd6n2oq0PaPgKm7Z6pL9E2UlLIhC+SHL3w==
