# THIS IS AN AUTOGENERATED FILE. DO NOT EDIT THIS FILE DIRECTLY.
# yarn lockfile v1


"@photostructure/tz-lookup@^7.0.0":
  version "7.0.0"
  resolved "https://registry.npmjs.org/@photostructure/tz-lookup/-/tz-lookup-7.0.0.tgz"
  integrity sha512-pTRsZz7Sn4yAtItC7I4+0segDHosMyOtJgAXg+xvDOolT0Xz4IFWqBV33OMCWoaNd3oQb60wbWhLeCQgJCyZAA==

"@types/luxon@^3.1.0":
  version "3.1.0"
  resolved "https://registry.npmjs.org/@types/luxon/-/luxon-3.1.0.tgz"
  integrity sha512-gCd/HcCgjqSxfMrgtqxCgYk/22NBQfypwFUG7ZAyG/4pqs51WLTcUzVp1hqTbieDYeHS3WoVEh2Yv/2l+7B0Vg==

batch-cluster@^11.0.0:
  version "11.0.0"
  resolved "https://registry.npmjs.org/batch-cluster/-/batch-cluster-11.0.0.tgz"
  integrity sha512-8iwqa+rKTaakOHkqdcXDT5L5117pa+FoP8/yAKpNdL44ZnC4V2NEA/sIg0ZO0O9NkpdjLk0A3efRFM5nVizqHw==

commander@^9.4.1:
  version "9.4.1"
  resolved "https://registry.npmjs.org/commander/-/commander-9.4.1.tgz"
  integrity sha512-5EEkTNyHNGFPD2H+c/dXXfQZYa/scCKasxWcXJaWnNJ99pnQN9Vnmqow+p+PlFPE63Q6mThaZws1T+HxfpgtPw==

exiftool-vendored.exe@12.50.0:
  version "12.50.0"
  resolved "https://registry.npmjs.org/exiftool-vendored.exe/-/exiftool-vendored.exe-12.50.0.tgz"
  integrity sha512-V14ucZUVw1az/FVi6jO2KcKKLWRQKByC1K7xOYdpQJEP9hEIr+tHJdVCwldpd9NBysacAlBTHpHRaTYUXyIMJw==

exiftool-vendored.pl@12.50.0:
  version "12.50.0"
  resolved "https://registry.yarnpkg.com/exiftool-vendored.pl/-/exiftool-vendored.pl-12.50.0.tgz#6633516e48df21b6ed4edc3e51f97b5a0961ea08"
  integrity sha512-QwIPI1+RLM8cJyKgolvz7d9mrdPxB9b6VxIngheUn+92QUT0ZVQZJ/g57zX6Uh5qQaCISsyQU1uARcRAHhFlGg==

exiftool-vendored@^18.6.0:
  version "18.6.0"
  resolved "https://registry.npmjs.org/exiftool-vendored/-/exiftool-vendored-18.6.0.tgz"
  integrity sha512-5mDYKq7VMPuyFilXicSLZph1One/ynKUA+KJxt9seKDXzsx+kcfWGz7BzaCApJTdenV1hb8vEZY6dQ/YetOvHg==
  dependencies:
    "@photostructure/tz-lookup" "^7.0.0"
    "@types/luxon" "^3.1.0"
    batch-cluster "^11.0.0"
    he "^1.2.0"
    luxon "^3.1.0"
  optionalDependencies:
    exiftool-vendored.exe "12.50.0"
    exiftool-vendored.pl "12.50.0"

he@^1.2.0:
  version "1.2.0"
  resolved "https://registry.npmjs.org/he/-/he-1.2.0.tgz"
  integrity sha512-F/1DnUGPopORZi0ni+CvrCgHQ5FyEAHRLSApuYWMmrbSwoN2Mn/7k+Gl38gJnR7yyDZk6WLXwiGod1JOWNDKGw==

heic-convert@^1.2.4:
  version "1.2.4"
  resolved "https://registry.npmjs.org/heic-convert/-/heic-convert-1.2.4.tgz"
  integrity sha512-klJHyv+BqbgKiCQvCqI9IKIvweCcohDuDl0Jphearj8+16+v8eff2piVevHqq4dW9TK0r1onTR6PKHP1I4hdbA==
  dependencies:
    heic-decode "^1.1.2"
    jpeg-js "^0.4.1"
    pngjs "^3.4.0"

heic-decode@^1.1.2:
  version "1.1.2"
  resolved "https://registry.npmjs.org/heic-decode/-/heic-decode-1.1.2.tgz"
  integrity sha512-UF8teegxvzQPdSTcx5frIUhitNDliz/9Pui0JFdIqVRE00spVE33DcCYtZqaLNyd4y5RP/QQWZFIc1YWVKKm2A==
  dependencies:
    libheif-js "^1.10.0"

jpeg-js@^0.4.1:
  version "0.4.4"
  resolved "https://registry.npmjs.org/jpeg-js/-/jpeg-js-0.4.4.tgz"
  integrity sha512-WZzeDOEtTOBK4Mdsar0IqEU5sMr3vSV2RqkAIzUEV2BHnUfKGyswWFPFwK5EeDo93K3FohSHbLAjj0s1Wzd+dg==

libheif-js@^1.10.0:
  version "1.13.0"
  resolved "https://registry.npmjs.org/libheif-js/-/libheif-js-1.13.0.tgz"
  integrity sha512-tWxQnffl8IiahT5Erf+9gqdZA2e0xcPvKW87Z0N8AZjodXj5O8deGbZDVrXF4T68cl7+Ciiukq64ZqGDNAadIA==

luxon@^3.1.0:
  version "3.1.0"
  resolved "https://registry.npmjs.org/luxon/-/luxon-3.1.0.tgz"
  integrity sha512-7w6hmKC0/aoWnEsmPCu5Br54BmbmUp5GfcqBxQngRcXJ+q5fdfjEzn7dxmJh2YdDhgW8PccYtlWKSv4tQkrTQg==

pngjs@^3.4.0:
  version "3.4.0"
  resolved "https://registry.npmjs.org/pngjs/-/pngjs-3.4.0.tgz"
  integrity sha512-NCrCHhWmnQklfH4MtJMRjZ2a8c80qXeMlQMv2uVp9ISJMTt562SbGd6n2oq0PaPgKm7Z6pL9E2UlLIhC+SHL3w==

uuid@^8.3.2:
  version "8.3.2"
  resolved "https://registry.yarnpkg.com/uuid/-/uuid-8.3.2.tgz#80d5b5ced271bb9af6c445f21a1a04c606cefbe2"
  integrity sha512-+NYs2QeMWy+GWFOEm9xnn6HCDp0l7QBD7ml8zLUmJ+93Q5NF0NocErnwkTkXVFNiX3/fpC6afS8Dhb/gz7R7eg==

webp-converter@^2.3.3:
  version "2.3.3"
  resolved "https://registry.yarnpkg.com/webp-converter/-/webp-converter-2.3.3.tgz#fd7a0620c71749370e2795930092703beb386575"
  integrity sha512-2p4XvPCIQ/CbUztEFA9vdkILVrRTdMtMxFpQTxlnPc3qx14MV5wnpVvK7m6pG70QdeL+Ser0+Tp843ONwh8VbQ==
  dependencies:
    uuid "^8.3.2"
